
Microsoft Visual Studio Solution File, Format Version 12.00
# Visual Studio Version 16
VisualStudioVersion = 16.0.31624.102
MinimumVisualStudioVersion = 10.0.40219.1
Project("{FAE04EC0-301F-11D3-BF4B-00C04F79EFBC}") = "WebApp_Del1", "WebApp_Del1\WebApp_Del1.csproj", "{D53F45B6-5204-4198-BC60-1526DEFFD45D}"
EndProject
Global
	GlobalSection(SolutionConfigurationPlatforms) = preSolution
		Debug|Any CPU = Debug|Any CPU
		Release|Any CPU = Release|Any CPU
	EndGlobalSection
	GlobalSection(ProjectConfigurationPlatforms) = postSolution
		{D53F45B6-5204-4198-BC60-1526DEFFD45D}.Debug|Any CPU.ActiveCfg = Debug|Any CPU
		{D53F45B6-5204-4198-BC60-1526DEFFD45D}.Debug|Any CPU.Build.0 = Debug|Any CPU
		{D53F45B6-5204-4198-BC60-1526DEFFD45D}.Release|Any CPU.ActiveCfg = Release|Any CPU
		{D53F45B6-5204-4198-BC60-1526DEFFD45D}.Release|Any CPU.Build.0 = Release|Any CPU
	EndGlobalSection
	GlobalSection(SolutionProperties) = preSolution
		HideSolutionNode = FALSE
	EndGlobalSection
	GlobalSection(ExtensibilityGlobals) = postSolution
		SolutionGuid = {4FBC1BD2-1B42-4BDC-BA83-389AF5DFE0C4}
	EndGlobalSection
EndGlobal
